
Microsoft Visual Studio Solution File, Format Version 12.00
# Visual Studio Version 17
VisualStudioVersion = 17.14.36414.22 d17.14
MinimumVisualStudioVersion = 10.0.40219.1
Project("{FAE04EC0-301F-11D3-BF4B-00C04F79EFBC}") = "FiguraSp.Games.Model", "FiguraSp.Games.Model\FiguraSp.Games.Model.csproj", "{D8695D52-312C-403D-BCFF-CCA587071FC3}"
EndProject
Project("{FAE04EC0-301F-11D3-BF4B-00C04F79EFBC}") = "FiguraSp.Games.Service", "FiguraSp.Games.Service\FiguraSp.Games.Service.csproj", "{C7AB6C27-DC93-48CD-B623-1BF3BB802483}"
EndProject
Project("{FAE04EC0-301F-11D3-BF4B-00C04F79EFBC}") = "FiguraSp.Games.Test", "FiguraSp.Games.Test\FiguraSp.Games.Test.csproj", "{4BD7FE5B-DA6C-437D-B53B-FE8852A7A73B}"
EndProject
Project("{FAE04EC0-301F-11D3-BF4B-00C04F79EFBC}") = "FiguraSp.Games.Api", "FiguraSp.Games.Api\FiguraSp.Games.Api.csproj", "{8A712A1C-F814-490B-A583-F2637206D3A2}"
EndProject
Project("{FAE04EC0-301F-11D3-BF4B-00C04F79EFBC}") = "FiguraSp.SharedLibrary", "..\..\FiguraSp.SharedLibrary\FiguraSp.SharedLibrary.Solution\FiguraSp.SharedLibrary\FiguraSp.SharedLibrary.csproj", "{26A9D2EB-02E9-E295-45D2-5D5E76D27362}"
EndProject
Global
	GlobalSection(SolutionConfigurationPlatforms) = preSolution
		Debug|Any CPU = Debug|Any CPU
		Release|Any CPU = Release|Any CPU
	EndGlobalSection
	GlobalSection(ProjectConfigurationPlatforms) = postSolution
		{D8695D52-312C-403D-BCFF-CCA587071FC3}.Debug|Any CPU.ActiveCfg = Debug|Any CPU
		{D8695D52-312C-403D-BCFF-CCA587071FC3}.Debug|Any CPU.Build.0 = Debug|Any CPU
		{D8695D52-312C-403D-BCFF-CCA587071FC3}.Release|Any CPU.ActiveCfg = Release|Any CPU
		{D8695D52-312C-403D-BCFF-CCA587071FC3}.Release|Any CPU.Build.0 = Release|Any CPU
		{C7AB6C27-DC93-48CD-B623-1BF3BB802483}.Debug|Any CPU.ActiveCfg = Debug|Any CPU
		{C7AB6C27-DC93-48CD-B623-1BF3BB802483}.Debug|Any CPU.Build.0 = Debug|Any CPU
		{C7AB6C27-DC93-48CD-B623-1BF3BB802483}.Release|Any CPU.ActiveCfg = Release|Any CPU
		{C7AB6C27-DC93-48CD-B623-1BF3BB802483}.Release|Any CPU.Build.0 = Release|Any CPU
		{4BD7FE5B-DA6C-437D-B53B-FE8852A7A73B}.Debug|Any CPU.ActiveCfg = Debug|Any CPU
		{4BD7FE5B-DA6C-437D-B53B-FE8852A7A73B}.Debug|Any CPU.Build.0 = Debug|Any CPU
		{4BD7FE5B-DA6C-437D-B53B-FE8852A7A73B}.Release|Any CPU.ActiveCfg = Release|Any CPU
		{4BD7FE5B-DA6C-437D-B53B-FE8852A7A73B}.Release|Any CPU.Build.0 = Release|Any CPU
		{8A712A1C-F814-490B-A583-F2637206D3A2}.Debug|Any CPU.ActiveCfg = Debug|Any CPU
		{8A712A1C-F814-490B-A583-F2637206D3A2}.Debug|Any CPU.Build.0 = Debug|Any CPU
		{8A712A1C-F814-490B-A583-F2637206D3A2}.Release|Any CPU.ActiveCfg = Release|Any CPU
		{8A712A1C-F814-490B-A583-F2637206D3A2}.Release|Any CPU.Build.0 = Release|Any CPU
		{26A9D2EB-02E9-E295-45D2-5D5E76D27362}.Debug|Any CPU.ActiveCfg = Debug|Any CPU
		{26A9D2EB-02E9-E295-45D2-5D5E76D27362}.Debug|Any CPU.Build.0 = Debug|Any CPU
		{26A9D2EB-02E9-E295-45D2-5D5E76D27362}.Release|Any CPU.ActiveCfg = Release|Any CPU
		{26A9D2EB-02E9-E295-45D2-5D5E76D27362}.Release|Any CPU.Build.0 = Release|Any CPU
	EndGlobalSection
	GlobalSection(SolutionProperties) = preSolution
		HideSolutionNode = FALSE
	EndGlobalSection
	GlobalSection(ExtensibilityGlobals) = postSolution
		SolutionGuid = {58A2C319-B592-44B2-B2B7-E825D533DFB5}
	EndGlobalSection
EndGlobal
